
Microsoft Visual Studio Solution File, Format Version 12.00
# Visual Studio Version 17
VisualStudioVersion = 17.14.36511.14 d17.14
MinimumVisualStudioVersion = 10.0.40219.1
Project("{FAE04EC0-301F-11D3-BF4B-00C04F79EFBC}") = "FortniteINIEditorV1", "FortniteINIEditorV1\FortniteINIEditorV1.csproj", "{B55B26A3-B39D-42DF-981B-0A57805A1710}"
EndProject
Global
	GlobalSection(SolutionConfigurationPlatforms) = preSolution
		Debug|Any CPU = Debug|Any CPU
		Release|Any CPU = Release|Any CPU
	EndGlobalSection
	GlobalSection(ProjectConfigurationPlatforms) = postSolution
		{B55B26A3-B39D-42DF-981B-0A57805A1710}.Debug|Any CPU.ActiveCfg = Debug|Any CPU
		{B55B26A3-B39D-42DF-981B-0A57805A1710}.Debug|Any CPU.Build.0 = Debug|Any CPU
		{B55B26A3-B39D-42DF-981B-0A57805A1710}.Release|Any CPU.ActiveCfg = Release|Any CPU
		{B55B26A3-B39D-42DF-981B-0A57805A1710}.Release|Any CPU.Build.0 = Release|Any CPU
	EndGlobalSection
	GlobalSection(SolutionProperties) = preSolution
		HideSolutionNode = FALSE
	EndGlobalSection
	GlobalSection(ExtensibilityGlobals) = postSolution
		SolutionGuid = {A24BB918-5DF7-4763-98C5-9BA6A982B36A}
	EndGlobalSection
EndGlobal
